Microsoft Visual Studio Solution File, Format Version 11.00
# Visual Studio 2008

Project("{76E341E6-71C7-E25F-F96C-F30123659439}") = "Take32", "Assembly-CSharp-firstpass.csproj", "{B5ED8EE2-A6AA-7965-0104-9B171B4EB401}"
EndProject
Project("{76E341E6-71C7-E25F-F96C-F30123659439}") = "Take32", "Assembly-CSharp.csproj", "{4A61FD98-0C86-C8EB-D45D-2312E2464894}"
EndProject
Project("{76E341E6-71C7-E25F-F96C-F30123659439}") = "Take32", "Assembly-CSharp-Editor.csproj", "{A4585D9E-54EE-076E-DDA9-B0F577F754C7}"
EndProject
Global
	GlobalSection(SolutionConfigurationPlatforms) = preSolution
		Debug|Any CPU = Debug|Any CPU
		Release|Any CPU = Release|Any CPU
	EndGlobalSection
	GlobalSection(ProjectConfigurationPlatforms) = postSolution
		{B5ED8EE2-A6AA-7965-0104-9B171B4EB401}.Debug|Any CPU.ActiveCfg = Debug|Any CPU
		{B5ED8EE2-A6AA-7965-0104-9B171B4EB401}.Debug|Any CPU.Build.0 = Debug|Any CPU
		{B5ED8EE2-A6AA-7965-0104-9B171B4EB401}.Release|Any CPU.ActiveCfg = Release|Any CPU
		{B5ED8EE2-A6AA-7965-0104-9B171B4EB401}.Release|Any CPU.Build.0 = Release|Any CPU
		{4A61FD98-0C86-C8EB-D45D-2312E2464894}.Debug|Any CPU.ActiveCfg = Debug|Any CPU
		{4A61FD98-0C86-C8EB-D45D-2312E2464894}.Debug|Any CPU.Build.0 = Debug|Any CPU
		{4A61FD98-0C86-C8EB-D45D-2312E2464894}.Release|Any CPU.ActiveCfg = Release|Any CPU
		{4A61FD98-0C86-C8EB-D45D-2312E2464894}.Release|Any CPU.Build.0 = Release|Any CPU
		{A4585D9E-54EE-076E-DDA9-B0F577F754C7}.Debug|Any CPU.ActiveCfg = Debug|Any CPU
		{A4585D9E-54EE-076E-DDA9-B0F577F754C7}.Debug|Any CPU.Build.0 = Debug|Any CPU
		{A4585D9E-54EE-076E-DDA9-B0F577F754C7}.Release|Any CPU.ActiveCfg = Release|Any CPU
		{A4585D9E-54EE-076E-DDA9-B0F577F754C7}.Release|Any CPU.Build.0 = Release|Any CPU
	EndGlobalSection
	GlobalSection(SolutionProperties) = preSolution
		HideSolutionNode = FALSE
	EndGlobalSection
													GlobalSection(MonoDevelopProperties) = preSolution
		StartupItem = Assembly-CSharp.csproj
		Policies = $0
		$0.TextStylePolicy = $1
		$1.inheritsSet = null
		$1.scope = text/x-csharp
		$0.CSharpFormattingPolicy = $2
		$2.inheritsSet = Mono
		$2.inheritsScope = text/x-csharp
		$2.scope = text/x-csharp
		$0.TextStylePolicy = $3
		$3.FileWidth = 120
		$3.TabWidth = 4
		$3.IndentWidth = 4
		$3.EolMarker = Unix
		$3.inheritsSet = Mono
		$3.inheritsScope = text/plain
		$3.scope = text/plain
	EndGlobalSection

EndGlobal
